
Microsoft Visual Studio Solution File, Format Version 12.00
# Visual Studio Version 16
VisualStudioVersion = 16.0.31313.79
MinimumVisualStudioVersion = 10.0.40219.1
Project("{FAE04EC0-301F-11D3-BF4B-00C04F79EFBC}") = "AutoDailyReport", "AutoDailyReport\AutoDailyReport.csproj", "{3E1A8316-AC80-4197-93C1-8F16F17D23A9}"
EndProject
Project("{FAE04EC0-301F-11D3-BF4B-00C04F79EFBC}") = "AutoDailyReport.Domain", "AutoDailyReport.Domain\AutoDailyReport.Domain.csproj", "{D92C9A9E-B883-4B63-9527-94C89F91184F}"
EndProject
Global
	GlobalSection(SolutionConfigurationPlatforms) = preSolution
		Debug|Any CPU = Debug|Any CPU
		Release|Any CPU = Release|Any CPU
	EndGlobalSection
	GlobalSection(ProjectConfigurationPlatforms) = postSolution
		{3E1A8316-AC80-4197-93C1-8F16F17D23A9}.Debug|Any CPU.ActiveCfg = Debug|Any CPU
		{3E1A8316-AC80-4197-93C1-8F16F17D23A9}.Debug|Any CPU.Build.0 = Debug|Any CPU
		{3E1A8316-AC80-4197-93C1-8F16F17D23A9}.Release|Any CPU.ActiveCfg = Release|Any CPU
		{3E1A8316-AC80-4197-93C1-8F16F17D23A9}.Release|Any CPU.Build.0 = Release|Any CPU
		{D92C9A9E-B883-4B63-9527-94C89F91184F}.Debug|Any CPU.ActiveCfg = Debug|Any CPU
		{D92C9A9E-B883-4B63-9527-94C89F91184F}.Debug|Any CPU.Build.0 = Debug|Any CPU
		{D92C9A9E-B883-4B63-9527-94C89F91184F}.Release|Any CPU.ActiveCfg = Release|Any CPU
		{D92C9A9E-B883-4B63-9527-94C89F91184F}.Release|Any CPU.Build.0 = Release|Any CPU
	EndGlobalSection
	GlobalSection(SolutionProperties) = preSolution
		HideSolutionNode = FALSE
	EndGlobalSection
	GlobalSection(ExtensibilityGlobals) = postSolution
		SolutionGuid = {3EC50982-2A57-4AA0-830F-8717B46F411E}
	EndGlobalSection
EndGlobal
